// !$*UTF8*$!
{
	archiveVersion = 1;
	classes = {
	};
	objectVersion = 48;
	objects = {

/* Begin PBXBuildFile section */
		43206BD1200CDFD9005FAFBE /* DetailViewController.swift in Sources */ = {isa = PBXBuildFile; fileRef = 43206BD0200CDFD9005FAFBE /* DetailViewController.swift */; };
		43206BD3200CDFFC005FAFBE /* MainViewController.swift in Sources */ = {isa = PBXBuildFile; fileRef = 43206BD2200CDFFC005FAFBE /* MainViewController.swift */; };
		432C763C200E8E03004146CD /* AuthorsTableViewController.swift in Sources */ = {isa = PBXBuildFile; fileRef = 432C763B200E8E03004146CD /* AuthorsTableViewController.swift */; };
		432C763E200E8E3F004146CD /* AddAuthorViewController.swift in Sources */ = {isa = PBXBuildFile; fileRef = 432C763D200E8E3F004146CD /* AddAuthorViewController.swift */; };
		432C7640200E8E64004146CD /* AuthorDetailViewController.swift in Sources */ = {isa = PBXBuildFile; fileRef = 432C763F200E8E64004146CD /* AuthorDetailViewController.swift */; };
		434BD421200CCA14009A0AC7 /* AppDelegate.swift in Sources */ = {isa = PBXBuildFile; fileRef = 434BD420200CCA14009A0AC7 /* AppDelegate.swift */; };
		434BD424200CCA14009A0AC7 /* CoBra.xcdatamodeld in Sources */ = {isa = PBXBuildFile; fileRef = 434BD422200CCA14009A0AC7 /* CoBra.xcdatamodeld */; };
		434BD42D200CCA14009A0AC7 /* Assets.xcassets in Resources */ = {isa = PBXBuildFile; fileRef = 434BD42C200CCA14009A0AC7 /* Assets.xcassets */; };
		434BD430200CCA14009A0AC7 /* LaunchScreen.storyboard in Resources */ = {isa = PBXBuildFile; fileRef = 434BD42E200CCA14009A0AC7 /* LaunchScreen.storyboard */; };
		43D8465B200CDAFD007BD746 /* CoBra.storyboard in Resources */ = {isa = PBXBuildFile; fileRef = 43D8465A200CDAFC007BD746 /* CoBra.storyboard */; };
/* End PBXBuildFile section */

/* Begin PBXFileReference section */
		43206BD0200CDFD9005FAFBE /* DetailViewController.swift */ = {isa = PBXFileReference; fileEncoding = 4; lastKnownFileType = sourcecode.swift; path = DetailViewController.swift; sourceTree = "<group>"; };
		43206BD2200CDFFC005FAFBE /* MainViewController.swift */ = {isa = PBXFileReference; lastKnownFileType = sourcecode.swift; path = MainViewController.swift; sourceTree = "<group>"; };
		432C763B200E8E03004146CD /* AuthorsTableViewController.swift */ = {isa = PBXFileReference; lastKnownFileType = sourcecode.swift; path = AuthorsTableViewController.swift; sourceTree = "<group>"; };
		432C763D200E8E3F004146CD /* AddAuthorViewController.swift */ = {isa = PBXFileReference; lastKnownFileType = sourcecode.swift; path = AddAuthorViewController.swift; sourceTree = "<group>"; };
		432C763F200E8E64004146CD /* AuthorDetailViewController.swift */ = {isa = PBXFileReference; lastKnownFileType = sourcecode.swift; path = AuthorDetailViewController.swift; sourceTree = "<group>"; };
		434BD41D200CCA14009A0AC7 /* CoBra.app */ = {isa = PBXFileReference; explicitFileType = wrapper.application; includeInIndex = 0; path = CoBra.app; sourceTree = BUILT_PRODUCTS_DIR; };
		434BD420200CCA14009A0AC7 /* AppDelegate.swift */ = {isa = PBXFileReference; lastKnownFileType = sourcecode.swift; path = AppDelegate.swift; sourceTree = "<group>"; };
		434BD423200CCA14009A0AC7 /* CoBra.xcdatamodel */ = {isa = PBXFileReference; lastKnownFileType = wrapper.xcdatamodel; path = CoBra.xcdatamodel; sourceTree = "<group>"; };
		434BD42C200CCA14009A0AC7 /* Assets.xcassets */ = {isa = PBXFileReference; lastKnownFileType = folder.assetcatalog; path = Assets.xcassets; sourceTree = "<group>"; };
		434BD42F200CCA14009A0AC7 /* Base */ = {isa = PBXFileReference; lastKnownFileType = file.storyboard; name = Base; path = Base.lproj/LaunchScreen.storyboard; sourceTree = "<group>"; };
		434BD431200CCA14009A0AC7 /* Info.plist */ = {isa = PBXFileReference; lastKnownFileType = text.plist.xml; path = Info.plist; sourceTree = "<group>"; };
		43D8465A200CDAFC007BD746 /* CoBra.storyboard */ = {isa = PBXFileReference; fileEncoding = 4; lastKnownFileType = file.storyboard; path = CoBra.storyboard; sourceTree = "<group>"; };
/* End PBXFileReference section */

/* Begin PBXFrameworksBuildPhase section */
		434BD41A200CCA14009A0AC7 /* Frameworks */ = {
			isa = PBXFrameworksBuildPhase;
			buildActionMask = 2147483647;
			files = (
			);
			runOnlyForDeploymentPostprocessing = 0;
		};
/* End PBXFrameworksBuildPhase section */

/* Begin PBXGroup section */
		432C7641200E8E6A004146CD /* Author */ = {
			isa = PBXGroup;
			children = (
				432C763B200E8E03004146CD /* AuthorsTableViewController.swift */,
				432C763D200E8E3F004146CD /* AddAuthorViewController.swift */,
				432C763F200E8E64004146CD /* AuthorDetailViewController.swift */,
			);
			path = Author;
			sourceTree = "<group>";
		};
		434BD414200CCA14009A0AC7 = {
			isa = PBXGroup;
			children = (
				434BD41F200CCA14009A0AC7 /* CoBra */,
				434BD41E200CCA14009A0AC7 /* Products */,
			);
			sourceTree = "<group>";
		};
		434BD41E200CCA14009A0AC7 /* Products */ = {
			isa = PBXGroup;
			children = (
				434BD41D200CCA14009A0AC7 /* CoBra.app */,
			);
			name = Products;
			sourceTree = "<group>";
		};
		434BD41F200CCA14009A0AC7 /* CoBra */ = {
			isa = PBXGroup;
			children = (
				43206BD0200CDFD9005FAFBE /* DetailViewController.swift */,
				434BD420200CCA14009A0AC7 /* AppDelegate.swift */,
				43D8465A200CDAFC007BD746 /* CoBra.storyboard */,
				434BD42C200CCA14009A0AC7 /* Assets.xcassets */,
				434BD42E200CCA14009A0AC7 /* LaunchScreen.storyboard */,
				434BD431200CCA14009A0AC7 /* Info.plist */,
				434BD422200CCA14009A0AC7 /* CoBra.xcdatamodeld */,
				43206BD2200CDFFC005FAFBE /* MainViewController.swift */,
				432C7641200E8E6A004146CD /* Author */,
			);
			path = CoBra;
			sourceTree = "<group>";
		};
/* End PBXGroup section */

/* Begin PBXNativeTarget section */
		434BD41C200CCA14009A0AC7 /* CoBra */ = {
			isa = PBXNativeTarget;
			buildConfigurationList = 434BD434200CCA14009A0AC7 /* Build configuration list for PBXNativeTarget "CoBra" */;
			buildPhases = (
				434BD419200CCA14009A0AC7 /* Sources */,
				434BD41A200CCA14009A0AC7 /* Frameworks */,
				434BD41B200CCA14009A0AC7 /* Resources */,
			);
			buildRules = (
			);
			dependencies = (
			);
			name = CoBra;
			productName = CoBra;
			productReference = 434BD41D200CCA14009A0AC7 /* CoBra.app */;
			productType = "com.apple.product-type.application";
		};
/* End PBXNativeTarget section */

/* Begin PBXProject section */
		434BD415200CCA14009A0AC7 /* Project object */ = {
			isa = PBXProject;
			attributes = {
				LastSwiftUpdateCheck = 0920;
				LastUpgradeCheck = 0920;
				ORGANIZATIONNAME = "Universidad San Jorge";
				TargetAttributes = {
					434BD41C200CCA14009A0AC7 = {
						CreatedOnToolsVersion = 9.2;
						ProvisioningStyle = Automatic;
					};
				};
			};
			buildConfigurationList = 434BD418200CCA14009A0AC7 /* Build configuration list for PBXProject "CoBra" */;
			compatibilityVersion = "Xcode 8.0";
			developmentRegion = en;
			hasScannedForEncodings = 0;
			knownRegions = (
				en,
				Base,
			);
			mainGroup = 434BD414200CCA14009A0AC7;
			productRefGroup = 434BD41E200CCA14009A0AC7 /* Products */;
			projectDirPath = "";
			projectRoot = "";
			targets = (
				434BD41C200CCA14009A0AC7 /* CoBra */,
			);
		};
/* End PBXProject section */

/* Begin PBXResourcesBuildPhase section */
		434BD41B200CCA14009A0AC7 /* Resources */ = {
			isa = PBXResourcesBuildPhase;
			buildActionMask = 2147483647;
			files = (
				434BD430200CCA14009A0AC7 /* LaunchScreen.storyboard in Resources */,
				434BD42D200CCA14009A0AC7 /* Assets.xcassets in Resources */,
				43D8465B200CDAFD007BD746 /* CoBra.storyboard in Resources */,
			);
			runOnlyForDeploymentPostprocessing = 0;
		};
/* End PBXResourcesBuildPhase section */

/* Begin PBXSourcesBuildPhase section */
		434BD419200CCA14009A0AC7 /* Sources */ = {
			isa = PBXSourcesBuildPhase;
			buildActionMask = 2147483647;
			files = (
				43206BD1200CDFD9005FAFBE /* DetailViewController.swift in Sources */,
				432C763E200E8E3F004146CD /* AddAuthorViewController.swift in Sources */,
				434BD421200CCA14009A0AC7 /* AppDelegate.swift in Sources */,
				432C763C200E8E03004146CD /* AuthorsTableViewController.swift in Sources */,
				434BD424200CCA14009A0AC7 /* CoBra.xcdatamodeld in Sources */,
				432C7640200E8E64004146CD /* AuthorDetailViewController.swift in Sources */,
				43206BD3200CDFFC005FAFBE /* MainViewController.swift in Sources */,
			);
			runOnlyForDeploymentPostprocessing = 0;
		};
/* End PBXSourcesBuildPhase section */

/* Begin PBXVariantGroup section */
		434BD42E200CCA14009A0AC7 /* LaunchScreen.storyboard */ = {
			isa = PBXVariantGroup;
			children = (
				434BD42F200CCA14009A0AC7 /* Base */,
			);
			name = LaunchScreen.storyboard;
			sourceTree = "<group>";
		};
/* End PBXVariantGroup section */

/* Begin XCBuildConfiguration section */
		434BD432200CCA14009A0AC7 /* Debug */ = {
			isa = XCBuildConfiguration;
			buildSettings = {
				ALWAYS_SEARCH_USER_PATHS = NO;
				CLANG_ANALYZER_NONNULL = YES;
				CLANG_ANALYZER_NUMBER_OBJECT_CONVERSION = YES_AGGRESSIVE;
				CLANG_CXX_LANGUAGE_STANDARD = "gnu++14";
				CLANG_CXX_LIBRARY = "libc++";
				CLANG_ENABLE_MODULES = YES;
				CLANG_ENABLE_OBJC_ARC = YES;
				CLANG_WARN_BLOCK_CAPTURE_AUTORELEASING = YES;
				CLANG_WARN_BOOL_CONVERSION = YES;
				CLANG_WARN_COMMA = YES;
				CLANG_WARN_CONSTANT_CONVERSION = YES;
				CLANG_WARN_DIRECT_OBJC_ISA_USAGE = YES_ERROR;
				CLANG_WARN_DOCUMENTATION_COMMENTS = YES;
				CLANG_WARN_EMPTY_BODY = YES;
				CLANG_WARN_ENUM_CONVERSION = YES;
				CLANG_WARN_INFINITE_RECURSION = YES;
				CLANG_WARN_INT_CONVERSION = YES;
				CLANG_WARN_NON_LITERAL_NULL_CONVERSION = YES;
				CLANG_WARN_OBJC_LITERAL_CONVERSION = YES;
				CLANG_WARN_OBJC_ROOT_CLASS = YES_ERROR;
				CLANG_WARN_RANGE_LOOP_ANALYSIS = YES;
				CLANG_WARN_STRICT_PROTOTYPES = YES;
				CLANG_WARN_SUSPICIOUS_MOVE = YES;
				CLANG_WARN_UNGUARDED_AVAILABILITY = YES_AGGRESSIVE;
				CLANG_WARN_UNREACHABLE_CODE = YES;
				CLANG_WARN__DUPLICATE_METHOD_MATCH = YES;
				CODE_SIGN_IDENTITY = "iPhone Developer";
				COPY_PHASE_STRIP = NO;
				DEBUG_INFORMATION_FORMAT = dwarf;
				ENABLE_STRICT_OBJC_MSGSEND = YES;
				ENABLE_TESTABILITY = YES;
				GCC_C_LANGUAGE_STANDARD = gnu11;
				GCC_DYNAMIC_NO_PIC = NO;
				GCC_NO_COMMON_BLOCKS = YES;
				GCC_OPTIMIZATION_LEVEL = 0;
				GCC_PREPROCESSOR_DEFINITIONS = (
					"DEBUG=1",
					"$(inherited)",
				);
				GCC_WARN_64_TO_32_BIT_CONVERSION = YES;
				GCC_WARN_ABOUT_RETURN_TYPE = YES_ERROR;
				GCC_WARN_UNDECLARED_SELECTOR = YES;
				GCC_WARN_UNINITIALIZED_AUTOS = YES_AGGRESSIVE;
				GCC_WARN_UNUSED_FUNCTION = YES;
				GCC_WARN_UNUSED_VARIABLE = YES;
				IPHONEOS_DEPLOYMENT_TARGET = 11.2;
				MTL_ENABLE_DEBUG_INFO = YES;
				ONLY_ACTIVE_ARCH = YES;
				SDKROOT = iphoneos;
				SWIFT_ACTIVE_COMPILATION_CONDITIONS = DEBUG;
				SWIFT_OPTIMIZATION_LEVEL = "-Onone";
			};
			name = Debug;
		};
		434BD433200CCA14009A0AC7 /* Release */ = {
			isa = XCBuildConfiguration;
			buildSettings = {
				ALWAYS_SEARCH_USER_PATHS = NO;
				CLANG_ANALYZER_NONNULL = YES;
				CLANG_ANALYZER_NUMBER_OBJECT_CONVERSION = YES_AGGRESSIVE;
				CLANG_CXX_LANGUAGE_STANDARD = "gnu++14";
				CLANG_CXX_LIBRARY = "libc++";
				CLANG_ENABLE_MODULES = YES;
				CLANG_ENABLE_OBJC_ARC = YES;
				CLANG_WARN_BLOCK_CAPTURE_AUTORELEASING = YES;
				CLANG_WARN_BOOL_CONVERSION = YES;
				CLANG_WARN_COMMA = YES;
				CLANG_WARN_CONSTANT_CONVERSION = YES;
				CLANG_WARN_DIRECT_OBJC_ISA_USAGE = YES_ERROR;
				CLANG_WARN_DOCUMENTATION_COMMENTS = YES;
				CLANG_WARN_EMPTY_BODY = YES;
				CLANG_WARN_ENUM_CONVERSION = YES;
				CLANG_WARN_INFINITE_RECURSION = YES;
				CLANG_WARN_INT_CONVERSION = YES;
				CLANG_WARN_NON_LITERAL_NULL_CONVERSION = YES;
				CLANG_WARN_OBJC_LITERAL_CONVERSION = YES;
				CLANG_WARN_OBJC_ROOT_CLASS = YES_ERROR;
				CLANG_WARN_RANGE_LOOP_ANALYSIS = YES;
				CLANG_WARN_STRICT_PROTOTYPES = YES;
				CLANG_WARN_SUSPICIOUS_MOVE = YES;
				CLANG_WARN_UNGUARDED_AVAILABILITY = YES_AGGRESSIVE;
				CLANG_WARN_UNREACHABLE_CODE = YES;
				CLANG_WARN__DUPLICATE_METHOD_MATCH = YES;
				CODE_SIGN_IDENTITY = "iPhone Developer";
				COPY_PHASE_STRIP = NO;
				DEBUG_INFORMATION_FORMAT = "dwarf-with-dsym";
				ENABLE_NS_ASSERTIONS = NO;
				ENABLE_STRICT_OBJC_MSGSEND = YES;
				GCC_C_LANGUAGE_STANDARD = gnu11;
				GCC_NO_COMMON_BLOCKS = YES;
				GCC_WARN_64_TO_32_BIT_CONVERSION = YES;
				GCC_WARN_ABOUT_RETURN_TYPE = YES_ERROR;
				GCC_WARN_UNDECLARED_SELECTOR = YES;
				GCC_WARN_UNINITIALIZED_AUTOS = YES_AGGRESSIVE;
				GCC_WARN_UNUSED_FUNCTION = YES;
				GCC_WARN_UNUSED_VARIABLE = YES;
				IPHONEOS_DEPLOYMENT_TARGET = 11.2;
				MTL_ENABLE_DEBUG_INFO = NO;
				SDKROOT = iphoneos;
				SWIFT_OPTIMIZATION_LEVEL = "-Owholemodule";
				VALIDATE_PRODUCT = YES;
			};
			name = Release;
		};
		434BD435200CCA14009A0AC7 /* Debug */ = {
			isa = XCBuildConfiguration;
			buildSettings = {
				ASSETCATALOG_COMPILER_APPICON_NAME = AppIcon;
				CODE_SIGN_STYLE = Automatic;
				DEVELOPMENT_TEAM = RDV2KJUFH7;
				INFOPLIST_FILE = CoBra/Info.plist;
				LD_RUNPATH_SEARCH_PATHS = "$(inherited) @executable_path/Frameworks";
				PRODUCT_BUNDLE_IDENTIFIER = es.usj.CoBra;
				PRODUCT_NAME = "$(TARGET_NAME)";
				SWIFT_VERSION = 4.0;
				TARGETED_DEVICE_FAMILY = "1,2";
			};
			name = Debug;
		};
		434BD436200CCA14009A0AC7 /* Release */ = {
			isa = XCBuildConfiguration;
			buildSettings = {
				ASSETCATALOG_COMPILER_APPICON_NAME = AppIcon;
				CODE_SIGN_STYLE = Automatic;
				DEVELOPMENT_TEAM = RDV2KJUFH7;
				INFOPLIST_FILE = CoBra/Info.plist;
				LD_RUNPATH_SEARCH_PATHS = "$(inherited) @executable_path/Frameworks";
				PRODUCT_BUNDLE_IDENTIFIER = es.usj.CoBra;
				PRODUCT_NAME = "$(TARGET_NAME)";
				SWIFT_VERSION = 4.0;
				TARGETED_DEVICE_FAMILY = "1,2";
			};
			name = Release;
		};
/* End XCBuildConfiguration section */

/* Begin XCConfigurationList section */
		434BD418200CCA14009A0AC7 /* Build configuration list for PBXProject "CoBra" */ = {
			isa = XCConfigurationList;
			buildConfigurations = (
				434BD432200CCA14009A0AC7 /* Debug */,
				434BD433200CCA14009A0AC7 /* Release */,
			);
			defaultConfigurationIsVisible = 0;
			defaultConfigurationName = Release;
		};
		434BD434200CCA14009A0AC7 /* Build configuration list for PBXNativeTarget "CoBra" */ = {
			isa = XCConfigurationList;
			buildConfigurations = (
				434BD435200CCA14009A0AC7 /* Debug */,
				434BD436200CCA14009A0AC7 /* Release */,
			);
			defaultConfigurationIsVisible = 0;
			defaultConfigurationName = Release;
		};
/* End XCConfigurationList section */

/* Begin XCVersionGroup section */
		434BD422200CCA14009A0AC7 /* CoBra.xcdatamodeld */ = {
			isa = XCVersionGroup;
			children = (
				434BD423200CCA14009A0AC7 /* CoBra.xcdatamodel */,
			);
			currentVersion = 434BD423200CCA14009A0AC7 /* CoBra.xcdatamodel */;
			path = CoBra.xcdatamodeld;
			sourceTree = "<group>";
			versionGroupType = wrapper.xcdatamodel;
		};
/* End XCVersionGroup section */
	};
	rootObject = 434BD415200CCA14009A0AC7 /* Project object */;
}
